
Microsoft Visual Studio Solution File, Format Version 11.00
# Visual C++ Express 2010
Project("{8BC9CEB8-8B4A-11D0-8D11-00A0C91BC942}") = "多种排序法", "多种排序法\多种排序法.vcxproj", "{0DAC7788-F087-4366-B650-2BCAAA6D21AC}"
EndProject
Global
	GlobalSection(SolutionConfigurationPlatforms) = preSolution
		Debug|Win32 = Debug|Win32
		Release|Win32 = Release|Win32
	EndGlobalSection
	GlobalSection(ProjectConfigurationPlatforms) = postSolution
		{0DAC7788-F087-4366-B650-2BCAAA6D21AC}.Debug|Win32.ActiveCfg = Debug|Win32
		{0DAC7788-F087-4366-B650-2BCAAA6D21AC}.Debug|Win32.Build.0 = Debug|Win32
		{0DAC7788-F087-4366-B650-2BCAAA6D21AC}.Release|Win32.ActiveCfg = Release|Win32
		{0DAC7788-F087-4366-B650-2BCAAA6D21AC}.Release|Win32.Build.0 = Release|Win32
	EndGlobalSection
	GlobalSection(SolutionProperties) = preSolution
		HideSolutionNode = FALSE
	EndGlobalSection
EndGlobal
