
Microsoft Visual Studio Solution File, Format Version 11.00
# Visual C++ Express 2010
Project("{8BC9CEB8-8B4A-11D0-8D11-00A0C91BC942}") = "判断素数1", "判断素数1\判断素数1.vcxproj", "{D7F979E5-D70C-47AB-B24F-EE2829F9D0D3}"
EndProject
Global
	GlobalSection(SolutionConfigurationPlatforms) = preSolution
		Debug|Win32 = Debug|Win32
		Release|Win32 = Release|Win32
	EndGlobalSection
	GlobalSection(ProjectConfigurationPlatforms) = postSolution
		{D7F979E5-D70C-47AB-B24F-EE2829F9D0D3}.Debug|Win32.ActiveCfg = Debug|Win32
		{D7F979E5-D70C-47AB-B24F-EE2829F9D0D3}.Debug|Win32.Build.0 = Debug|Win32
		{D7F979E5-D70C-47AB-B24F-EE2829F9D0D3}.Release|Win32.ActiveCfg = Release|Win32
		{D7F979E5-D70C-47AB-B24F-EE2829F9D0D3}.Release|Win32.Build.0 = Release|Win32
	EndGlobalSection
	GlobalSection(SolutionProperties) = preSolution
		HideSolutionNode = FALSE
	EndGlobalSection
EndGlobal
